
Microsoft Visual Studio Solution File, Format Version 12.00
# Visual Studio Version 17
VisualStudioVersion = 17.2.32616.157
MinimumVisualStudioVersion = 10.0.40219.1
Project("{FAE04EC0-301F-11D3-BF4B-00C04F79EFBC}") = "CountryAPP_DBfirstAproach", "CountryAPP_DBfirstAproach\CountryAPP_DBfirstAproach.csproj", "{93F6B120-2A7E-4D4D-9AC6-0B8FE7F88D26}"
EndProject
Global
	GlobalSection(SolutionConfigurationPlatforms) = preSolution
		Debug|Any CPU = Debug|Any CPU
		Release|Any CPU = Release|Any CPU
	EndGlobalSection
	GlobalSection(ProjectConfigurationPlatforms) = postSolution
		{93F6B120-2A7E-4D4D-9AC6-0B8FE7F88D26}.Debug|Any CPU.ActiveCfg = Debug|Any CPU
		{93F6B120-2A7E-4D4D-9AC6-0B8FE7F88D26}.Debug|Any CPU.Build.0 = Debug|Any CPU
		{93F6B120-2A7E-4D4D-9AC6-0B8FE7F88D26}.Release|Any CPU.ActiveCfg = Release|Any CPU
		{93F6B120-2A7E-4D4D-9AC6-0B8FE7F88D26}.Release|Any CPU.Build.0 = Release|Any CPU
	EndGlobalSection
	GlobalSection(SolutionProperties) = preSolution
		HideSolutionNode = FALSE
	EndGlobalSection
	GlobalSection(ExtensibilityGlobals) = postSolution
		SolutionGuid = {D3DE0EEF-44D4-4AE8-B13F-AC131A02F244}
	EndGlobalSection
EndGlobal
